# @generated by Move, please check-in and do not edit manually.

[move]
version = 3
manifest_digest = "DC29E268B96B86E9EB27E75CCD99A4215491902810605597E862D88D7B22F6C3"
deps_digest = "F8BBB0CCB2491CA29A3DF03D6F92277A4F3574266507ACD77214D37ECA3F3082"
dependencies = [
  { id = "Sui", name = "Sui" },
]

[[move.package]]
id = "MoveStdlib"
source = { git = "https://github.com/MystenLabs/sui.git", rev = "framework/testnet", subdir = "crates/sui-framework/packages/move-stdlib" }

[[move.package]]
id = "Sui"
source = { git = "https://github.com/MystenLabs/sui.git", rev = "framework/testnet", subdir = "crates/sui-framework/packages/sui-framework" }

dependencies = [
  { id = "MoveStdlib", name = "MoveStdlib" },
]

[move.toolchain-version]
compiler-version = "1.44.2"
edition = "2024.beta"
flavor = "sui"

[env]

[env.localnet]
chain-id = "7e90bddd"
original-published-id = "0x85f893493b2729a205c109e75135639db9f639b831ad4f5ac564e40ea7b1f47c"
latest-published-id = "0x85f893493b2729a205c109e75135639db9f639b831ad4f5ac564e40ea7b1f47c"
published-version = "1"
